
Microsoft Visual Studio Solution File, Format Version 12.00
# Visual Studio Version 17
VisualStudioVersion = 17.0.31903.59
MinimumVisualStudioVersion = 10.0.40219.1
Project("{9A19103F-16F7-4668-BE54-9A1E7A4F7556}") = "AlarmClock", "AlarmClock\AlarmClock.csproj", "{3F21EDD5-137E-4F29-93B5-74B4A0519414}"
EndProject
Project("{9A19103F-16F7-4668-BE54-9A1E7A4F7556}") = "Fractions", "Fractions\Fractions.csproj", "{D2CD3FFF-8E5C-45A5-AD0B-B0F67272A8EB}"
EndProject
Project("{9A19103F-16F7-4668-BE54-9A1E7A4F7556}") = "ChangeReturnProgram", "ChangeReturnProgram\ChangeReturnProgram.csproj", "{4B05E985-689D-43B5-9EA4-ED4435FF87E1}"
EndProject
Project("{9A19103F-16F7-4668-BE54-9A1E7A4F7556}") = "TaxCalculator", "TaxCalculator\TaxCalculator.csproj", "{D70B3435-9628-4F9E-85B0-057B4343C746}"
EndProject
Project("{9A19103F-16F7-4668-BE54-9A1E7A4F7556}") = "CreditCardValidator", "CreditCardValidator\CreditCardValidator.csproj", "{A83BD637-AA4E-4207-BE0F-56F1D1ED9F1C}"
EndProject
Project("{9A19103F-16F7-4668-BE54-9A1E7A4F7556}") = "FibonacciSequence", "FibonacciSequence.cs\FibonacciSequence.csproj", "{07D3E542-9E6C-4B3C-ABEB-4AE67914B08D}"
EndProject
Project("{9A19103F-16F7-4668-BE54-9A1E7A4F7556}") = "LeastAndGreatestCommonDenominator", "LeastAndGreatestCommonDenominator\LeastAndGreatestCommonDenominator.csproj", "{54F00F1B-E915-4C90-AEF3-D1F0CAB27299}"
EndProject
Project("{9A19103F-16F7-4668-BE54-9A1E7A4F7556}") = "CDKeyGenerator", "CDKeyGenerator\CDKeyGenerator.csproj", "{8C8B610C-5E3F-4D95-8BF2-6954EA97BE4A}"
EndProject
Project("{9A19103F-16F7-4668-BE54-9A1E7A4F7556}") = "CheckIfPalindrome", "CheckIfPalindrome\CheckIfPalindrome.csproj", "{18E67CC0-962F-459E-B403-522C4E9A2547}"
EndProject
Project("{9A19103F-16F7-4668-BE54-9A1E7A4F7556}") = "CountVowels", "CountVowels\CountVowels.csproj", "{4DD8F0C9-4BDF-47B8-8333-F6BA3CFF3C39}"
EndProject
Project("{9A19103F-16F7-4668-BE54-9A1E7A4F7556}") = "RSSFeedCreator", "RSSFeedCreator\RSSFeedCreator.csproj", "{41F96EE8-084B-480D-B0F4-C41CF3744FC0}"
EndProject
Project("{9A19103F-16F7-4668-BE54-9A1E7A4F7556}") = "FractionCalcRazorPages", "FractionCalcRazorPages\FractionCalcRazorPages.csproj", "{6404A690-BD51-4739-BCA9-A9EE8DCF4621}"
EndProject
Project("{9A19103F-16F7-4668-BE54-9A1E7A4F7556}") = "Dec2Bin", "Dec2Bin\Dec2Bin.csproj", "{1EAE8836-7135-4CA5-AA10-D93F55D6A9CC}"
EndProject
Project("{9A19103F-16F7-4668-BE54-9A1E7A4F7556}") = "ChangeReturnRazorPages", "ChangeReturnRazorPages\ChangeReturnRazorPages.csproj", "{3AB804BE-A5B8-4329-A1F6-CF3B41E12CCB}"
EndProject
Project("{FAE04EC0-301F-11D3-BF4B-00C04F79EFBC}") = "FetchWeather", "FetchWeather\FetchWeather.csproj", "{F12F6598-77B2-4602-9BE8-981CC5A6928B}"
EndProject
Global
	GlobalSection(SolutionConfigurationPlatforms) = preSolution
		Debug|Any CPU = Debug|Any CPU
		Release|Any CPU = Release|Any CPU
	EndGlobalSection
	GlobalSection(ProjectConfigurationPlatforms) = postSolution
		{3F21EDD5-137E-4F29-93B5-74B4A0519414}.Debug|Any CPU.ActiveCfg = Debug|Any CPU
		{3F21EDD5-137E-4F29-93B5-74B4A0519414}.Debug|Any CPU.Build.0 = Debug|Any CPU
		{3F21EDD5-137E-4F29-93B5-74B4A0519414}.Release|Any CPU.ActiveCfg = Release|Any CPU
		{3F21EDD5-137E-4F29-93B5-74B4A0519414}.Release|Any CPU.Build.0 = Release|Any CPU
		{D2CD3FFF-8E5C-45A5-AD0B-B0F67272A8EB}.Debug|Any CPU.ActiveCfg = Debug|Any CPU
		{D2CD3FFF-8E5C-45A5-AD0B-B0F67272A8EB}.Debug|Any CPU.Build.0 = Debug|Any CPU
		{D2CD3FFF-8E5C-45A5-AD0B-B0F67272A8EB}.Release|Any CPU.ActiveCfg = Release|Any CPU
		{D2CD3FFF-8E5C-45A5-AD0B-B0F67272A8EB}.Release|Any CPU.Build.0 = Release|Any CPU
		{4B05E985-689D-43B5-9EA4-ED4435FF87E1}.Debug|Any CPU.ActiveCfg = Debug|Any CPU
		{4B05E985-689D-43B5-9EA4-ED4435FF87E1}.Debug|Any CPU.Build.0 = Debug|Any CPU
		{4B05E985-689D-43B5-9EA4-ED4435FF87E1}.Release|Any CPU.ActiveCfg = Release|Any CPU
		{4B05E985-689D-43B5-9EA4-ED4435FF87E1}.Release|Any CPU.Build.0 = Release|Any CPU
		{D70B3435-9628-4F9E-85B0-057B4343C746}.Debug|Any CPU.ActiveCfg = Debug|Any CPU
		{D70B3435-9628-4F9E-85B0-057B4343C746}.Debug|Any CPU.Build.0 = Debug|Any CPU
		{D70B3435-9628-4F9E-85B0-057B4343C746}.Release|Any CPU.ActiveCfg = Release|Any CPU
		{D70B3435-9628-4F9E-85B0-057B4343C746}.Release|Any CPU.Build.0 = Release|Any CPU
		{A83BD637-AA4E-4207-BE0F-56F1D1ED9F1C}.Debug|Any CPU.ActiveCfg = Debug|Any CPU
		{A83BD637-AA4E-4207-BE0F-56F1D1ED9F1C}.Debug|Any CPU.Build.0 = Debug|Any CPU
		{A83BD637-AA4E-4207-BE0F-56F1D1ED9F1C}.Release|Any CPU.ActiveCfg = Release|Any CPU
		{A83BD637-AA4E-4207-BE0F-56F1D1ED9F1C}.Release|Any CPU.Build.0 = Release|Any CPU
		{07D3E542-9E6C-4B3C-ABEB-4AE67914B08D}.Debug|Any CPU.ActiveCfg = Debug|Any CPU
		{07D3E542-9E6C-4B3C-ABEB-4AE67914B08D}.Debug|Any CPU.Build.0 = Debug|Any CPU
		{07D3E542-9E6C-4B3C-ABEB-4AE67914B08D}.Release|Any CPU.ActiveCfg = Release|Any CPU
		{07D3E542-9E6C-4B3C-ABEB-4AE67914B08D}.Release|Any CPU.Build.0 = Release|Any CPU
		{54F00F1B-E915-4C90-AEF3-D1F0CAB27299}.Debug|Any CPU.ActiveCfg = Debug|Any CPU
		{54F00F1B-E915-4C90-AEF3-D1F0CAB27299}.Debug|Any CPU.Build.0 = Debug|Any CPU
		{54F00F1B-E915-4C90-AEF3-D1F0CAB27299}.Release|Any CPU.ActiveCfg = Release|Any CPU
		{54F00F1B-E915-4C90-AEF3-D1F0CAB27299}.Release|Any CPU.Build.0 = Release|Any CPU
		{8C8B610C-5E3F-4D95-8BF2-6954EA97BE4A}.Debug|Any CPU.ActiveCfg = Debug|Any CPU
		{8C8B610C-5E3F-4D95-8BF2-6954EA97BE4A}.Debug|Any CPU.Build.0 = Debug|Any CPU
		{8C8B610C-5E3F-4D95-8BF2-6954EA97BE4A}.Release|Any CPU.ActiveCfg = Release|Any CPU
		{8C8B610C-5E3F-4D95-8BF2-6954EA97BE4A}.Release|Any CPU.Build.0 = Release|Any CPU
		{18E67CC0-962F-459E-B403-522C4E9A2547}.Debug|Any CPU.ActiveCfg = Debug|Any CPU
		{18E67CC0-962F-459E-B403-522C4E9A2547}.Debug|Any CPU.Build.0 = Debug|Any CPU
		{18E67CC0-962F-459E-B403-522C4E9A2547}.Release|Any CPU.ActiveCfg = Release|Any CPU
		{18E67CC0-962F-459E-B403-522C4E9A2547}.Release|Any CPU.Build.0 = Release|Any CPU
		{4DD8F0C9-4BDF-47B8-8333-F6BA3CFF3C39}.Debug|Any CPU.ActiveCfg = Debug|Any CPU
		{4DD8F0C9-4BDF-47B8-8333-F6BA3CFF3C39}.Debug|Any CPU.Build.0 = Debug|Any CPU
		{4DD8F0C9-4BDF-47B8-8333-F6BA3CFF3C39}.Release|Any CPU.ActiveCfg = Release|Any CPU
		{4DD8F0C9-4BDF-47B8-8333-F6BA3CFF3C39}.Release|Any CPU.Build.0 = Release|Any CPU
		{41F96EE8-084B-480D-B0F4-C41CF3744FC0}.Debug|Any CPU.ActiveCfg = Debug|Any CPU
		{41F96EE8-084B-480D-B0F4-C41CF3744FC0}.Debug|Any CPU.Build.0 = Debug|Any CPU
		{41F96EE8-084B-480D-B0F4-C41CF3744FC0}.Release|Any CPU.ActiveCfg = Release|Any CPU
		{41F96EE8-084B-480D-B0F4-C41CF3744FC0}.Release|Any CPU.Build.0 = Release|Any CPU
		{6404A690-BD51-4739-BCA9-A9EE8DCF4621}.Debug|Any CPU.ActiveCfg = Debug|Any CPU
		{6404A690-BD51-4739-BCA9-A9EE8DCF4621}.Debug|Any CPU.Build.0 = Debug|Any CPU
		{6404A690-BD51-4739-BCA9-A9EE8DCF4621}.Release|Any CPU.ActiveCfg = Release|Any CPU
		{6404A690-BD51-4739-BCA9-A9EE8DCF4621}.Release|Any CPU.Build.0 = Release|Any CPU
		{1EAE8836-7135-4CA5-AA10-D93F55D6A9CC}.Debug|Any CPU.ActiveCfg = Debug|Any CPU
		{1EAE8836-7135-4CA5-AA10-D93F55D6A9CC}.Debug|Any CPU.Build.0 = Debug|Any CPU
		{1EAE8836-7135-4CA5-AA10-D93F55D6A9CC}.Release|Any CPU.ActiveCfg = Release|Any CPU
		{1EAE8836-7135-4CA5-AA10-D93F55D6A9CC}.Release|Any CPU.Build.0 = Release|Any CPU
		{3AB804BE-A5B8-4329-A1F6-CF3B41E12CCB}.Debug|Any CPU.ActiveCfg = Debug|Any CPU
		{3AB804BE-A5B8-4329-A1F6-CF3B41E12CCB}.Debug|Any CPU.Build.0 = Debug|Any CPU
		{3AB804BE-A5B8-4329-A1F6-CF3B41E12CCB}.Release|Any CPU.ActiveCfg = Release|Any CPU
		{3AB804BE-A5B8-4329-A1F6-CF3B41E12CCB}.Release|Any CPU.Build.0 = Release|Any CPU
		{F12F6598-77B2-4602-9BE8-981CC5A6928B}.Debug|Any CPU.ActiveCfg = Debug|Any CPU
		{F12F6598-77B2-4602-9BE8-981CC5A6928B}.Debug|Any CPU.Build.0 = Debug|Any CPU
		{F12F6598-77B2-4602-9BE8-981CC5A6928B}.Release|Any CPU.ActiveCfg = Release|Any CPU
		{F12F6598-77B2-4602-9BE8-981CC5A6928B}.Release|Any CPU.Build.0 = Release|Any CPU
	EndGlobalSection
	GlobalSection(SolutionProperties) = preSolution
		HideSolutionNode = FALSE
	EndGlobalSection
	GlobalSection(ExtensibilityGlobals) = postSolution
		SolutionGuid = {E4677298-C7B0-4BA6-AC1C-176E55C6FFD0}
	EndGlobalSection
EndGlobal
